// !$*UTF8*$!
{
	archiveVersion = 1;
	classes = {
	};
	objectVersion = 50;
	objects = {

/* Begin PBXBuildFile section */
		C920BAFC253B8288002BC7EA /* MyTextField.swift in Sources */ = {isa = PBXBuildFile; fileRef = C920BAFB253B8288002BC7EA /* MyTextField.swift */; };
		C9B3AE8B253A2C180047A7EC /* AppDelegate.swift in Sources */ = {isa = PBXBuildFile; fileRef = C9B3AE8A253A2C180047A7EC /* AppDelegate.swift */; };
		C9B3AE8D253A2C180047A7EC /* SceneDelegate.swift in Sources */ = {isa = PBXBuildFile; fileRef = C9B3AE8C253A2C180047A7EC /* SceneDelegate.swift */; };
		C9B3AE8F253A2C180047A7EC /* ViewController.swift in Sources */ = {isa = PBXBuildFile; fileRef = C9B3AE8E253A2C180047A7EC /* ViewController.swift */; };
		C9B3AE92253A2C180047A7EC /* Main.storyboard in Resources */ = {isa = PBXBuildFile; fileRef = C9B3AE90253A2C180047A7EC /* Main.storyboard */; };
		C9B3AE94253A2C1A0047A7EC /* Assets.xcassets in Resources */ = {isa = PBXBuildFile; fileRef = C9B3AE93253A2C1A0047A7EC /* Assets.xcassets */; };
		C9B3AE97253A2C1A0047A7EC /* LaunchScreen.storyboard in Resources */ = {isa = PBXBuildFile; fileRef = C9B3AE95253A2C1A0047A7EC /* LaunchScreen.storyboard */; };
/* End PBXBuildFile section */

/* Begin PBXFileReference section */
		C920BAFB253B8288002BC7EA /* MyTextField.swift */ = {isa = PBXFileReference; lastKnownFileType = sourcecode.swift; path = MyTextField.swift; sourceTree = "<group>"; };
		C9B3AE87253A2C180047A7EC /* CustomUITextField.app */ = {isa = PBXFileReference; explicitFileType = wrapper.application; includeInIndex = 0; path = CustomUITextField.app; sourceTree = BUILT_PRODUCTS_DIR; };
		C9B3AE8A253A2C180047A7EC /* AppDelegate.swift */ = {isa = PBXFileReference; lastKnownFileType = sourcecode.swift; path = AppDelegate.swift; sourceTree = "<group>"; };
		C9B3AE8C253A2C180047A7EC /* SceneDelegate.swift */ = {isa = PBXFileReference; lastKnownFileType = sourcecode.swift; path = SceneDelegate.swift; sourceTree = "<group>"; };
		C9B3AE8E253A2C180047A7EC /* ViewController.swift */ = {isa = PBXFileReference; lastKnownFileType = sourcecode.swift; path = ViewController.swift; sourceTree = "<group>"; };
		C9B3AE91253A2C180047A7EC /* Base */ = {isa = PBXFileReference; lastKnownFileType = file.storyboard; name = Base; path = Base.lproj/Main.storyboard; sourceTree = "<group>"; };
		C9B3AE93253A2C1A0047A7EC /* Assets.xcassets */ = {isa = PBXFileReference; lastKnownFileType = folder.assetcatalog; path = Assets.xcassets; sourceTree = "<group>"; };
		C9B3AE96253A2C1A0047A7EC /* Base */ = {isa = PBXFileReference; lastKnownFileType = file.storyboard; name = Base; path = Base.lproj/LaunchScreen.storyboard; sourceTree = "<group>"; };
		C9B3AE98253A2C1A0047A7EC /* Info.plist */ = {isa = PBXFileReference; lastKnownFileType = text.plist.xml; path = Info.plist; sourceTree = "<group>"; };
/* End PBXFileReference section */

/* Begin PBXFrameworksBuildPhase section */
		C9B3AE84253A2C180047A7EC /* Frameworks */ = {
			isa = PBXFrameworksBuildPhase;
			buildActionMask = 2147483647;
			files = (
			);
			runOnlyForDeploymentPostprocessing = 0;
		};
/* End PBXFrameworksBuildPhase section */

/* Begin PBXGroup section */
		C9B3AE7E253A2C180047A7EC = {
			isa = PBXGroup;
			children = (
				C9B3AE89253A2C180047A7EC /* CustomUITextField */,
				C9B3AE88253A2C180047A7EC /* Products */,
			);
			sourceTree = "<group>";
		};
		C9B3AE88253A2C180047A7EC /* Products */ = {
			isa = PBXGroup;
			children = (
				C9B3AE87253A2C180047A7EC /* CustomUITextField.app */,
			);
			name = Products;
			sourceTree = "<group>";
		};
		C9B3AE89253A2C180047A7EC /* CustomUITextField */ = {
			isa = PBXGroup;
			children = (
				C9B3AE8A253A2C180047A7EC /* AppDelegate.swift */,
				C9B3AE8C253A2C180047A7EC /* SceneDelegate.swift */,
				C9B3AE8E253A2C180047A7EC /* ViewController.swift */,
				C9B3AE90253A2C180047A7EC /* Main.storyboard */,
				C9B3AE93253A2C1A0047A7EC /* Assets.xcassets */,
				C9B3AE95253A2C1A0047A7EC /* LaunchScreen.storyboard */,
				C9B3AE98253A2C1A0047A7EC /* Info.plist */,
				C920BAFB253B8288002BC7EA /* MyTextField.swift */,
			);
			path = CustomUITextField;
			sourceTree = "<group>";
		};
/* End PBXGroup section */

/* Begin PBXNativeTarget section */
		C9B3AE86253A2C180047A7EC /* CustomUITextField */ = {
			isa = PBXNativeTarget;
			buildConfigurationList = C9B3AE9B253A2C1A0047A7EC /* Build configuration list for PBXNativeTarget "CustomUITextField" */;
			buildPhases = (
				C9B3AE83253A2C180047A7EC /* Sources */,
				C9B3AE84253A2C180047A7EC /* Frameworks */,
				C9B3AE85253A2C180047A7EC /* Resources */,
			);
			buildRules = (
			);
			dependencies = (
			);
			name = CustomUITextField;
			productName = CustomUITextField;
			productReference = C9B3AE87253A2C180047A7EC /* CustomUITextField.app */;
			productType = "com.apple.product-type.application";
		};
/* End PBXNativeTarget section */

/* Begin PBXProject section */
		C9B3AE7F253A2C180047A7EC /* Project object */ = {
			isa = PBXProject;
			attributes = {
				LastSwiftUpdateCheck = 1170;
				LastUpgradeCheck = 1170;
				ORGANIZATIONNAME = Tunde;
				TargetAttributes = {
					C9B3AE86253A2C180047A7EC = {
						CreatedOnToolsVersion = 11.7;
					};
				};
			};
			buildConfigurationList = C9B3AE82253A2C180047A7EC /* Build configuration list for PBXProject "CustomUITextField" */;
			compatibilityVersion = "Xcode 9.3";
			developmentRegion = en;
			hasScannedForEncodings = 0;
			knownRegions = (
				en,
				Base,
			);
			mainGroup = C9B3AE7E253A2C180047A7EC;
			productRefGroup = C9B3AE88253A2C180047A7EC /* Products */;
			projectDirPath = "";
			projectRoot = "";
			targets = (
				C9B3AE86253A2C180047A7EC /* CustomUITextField */,
			);
		};
/* End PBXProject section */

/* Begin PBXResourcesBuildPhase section */
		C9B3AE85253A2C180047A7EC /* Resources */ = {
			isa = PBXResourcesBuildPhase;
			buildActionMask = 2147483647;
			files = (
				C9B3AE97253A2C1A0047A7EC /* LaunchScreen.storyboard in Resources */,
				C9B3AE94253A2C1A0047A7EC /* Assets.xcassets in Resources */,
				C9B3AE92253A2C180047A7EC /* Main.storyboard in Resources */,
			);
			runOnlyForDeploymentPostprocessing = 0;
		};
/* End PBXResourcesBuildPhase section */

/* Begin PBXSourcesBuildPhase section */
		C9B3AE83253A2C180047A7EC /* Sources */ = {
			isa = PBXSourcesBuildPhase;
			buildActionMask = 2147483647;
			files = (
				C9B3AE8F253A2C180047A7EC /* ViewController.swift in Sources */,
				C9B3AE8B253A2C180047A7EC /* AppDelegate.swift in Sources */,
				C920BAFC253B8288002BC7EA /* MyTextField.swift in Sources */,
				C9B3AE8D253A2C180047A7EC /* SceneDelegate.swift in Sources */,
			);
			runOnlyForDeploymentPostprocessing = 0;
		};
/* End PBXSourcesBuildPhase section */

/* Begin PBXVariantGroup section */
		C9B3AE90253A2C180047A7EC /* Main.storyboard */ = {
			isa = PBXVariantGroup;
			children = (
				C9B3AE91253A2C180047A7EC /* Base */,
			);
			name = Main.storyboard;
			sourceTree = "<group>";
		};
		C9B3AE95253A2C1A0047A7EC /* LaunchScreen.storyboard */ = {
			isa = PBXVariantGroup;
			children = (
				C9B3AE96253A2C1A0047A7EC /* Base */,
			);
			name = LaunchScreen.storyboard;
			sourceTree = "<group>";
		};
/* End PBXVariantGroup section */

/* Begin XCBuildConfiguration section */
		C9B3AE99253A2C1A0047A7EC /* Debug */ = {
			isa = XCBuildConfiguration;
			buildSettings = {
				ALWAYS_SEARCH_USER_PATHS = NO;
				CLANG_ANALYZER_NONNULL = YES;
				CLANG_ANALYZER_NUMBER_OBJECT_CONVERSION = YES_AGGRESSIVE;
				CLANG_CXX_LANGUAGE_STANDARD = "gnu++14";
				CLANG_CXX_LIBRARY = "libc++";
				CLANG_ENABLE_MODULES = YES;
				CLANG_ENABLE_OBJC_ARC = YES;
				CLANG_ENABLE_OBJC_WEAK = YES;
				CLANG_WARN_BLOCK_CAPTURE_AUTORELEASING = YES;
				CLANG_WARN_BOOL_CONVERSION = YES;
				CLANG_WARN_COMMA = YES;
				CLANG_WARN_CONSTANT_CONVERSION = YES;
				CLANG_WARN_DEPRECATED_OBJC_IMPLEMENTATIONS = YES;
				CLANG_WARN_DIRECT_OBJC_ISA_USAGE = YES_ERROR;
				CLANG_WARN_DOCUMENTATION_COMMENTS = YES;
				CLANG_WARN_EMPTY_BODY = YES;
				CLANG_WARN_ENUM_CONVERSION = YES;
				CLANG_WARN_INFINITE_RECURSION = YES;
				CLANG_WARN_INT_CONVERSION = YES;
				CLANG_WARN_NON_LITERAL_NULL_CONVERSION = YES;
				CLANG_WARN_OBJC_IMPLICIT_RETAIN_SELF = YES;
				CLANG_WARN_OBJC_LITERAL_CONVERSION = YES;
				CLANG_WARN_OBJC_ROOT_CLASS = YES_ERROR;
				CLANG_WARN_RANGE_LOOP_ANALYSIS = YES;
				CLANG_WARN_STRICT_PROTOTYPES = YES;
				CLANG_WARN_SUSPICIOUS_MOVE = YES;
				CLANG_WARN_UNGUARDED_AVAILABILITY = YES_AGGRESSIVE;
				CLANG_WARN_UNREACHABLE_CODE = YES;
				CLANG_WARN__DUPLICATE_METHOD_MATCH = YES;
				COPY_PHASE_STRIP = NO;
				DEBUG_INFORMATION_FORMAT = dwarf;
				ENABLE_STRICT_OBJC_MSGSEND = YES;
				ENABLE_TESTABILITY = YES;
				GCC_C_LANGUAGE_STANDARD = gnu11;
				GCC_DYNAMIC_NO_PIC = NO;
				GCC_NO_COMMON_BLOCKS = YES;
				GCC_OPTIMIZATION_LEVEL = 0;
				GCC_PREPROCESSOR_DEFINITIONS = (
					"DEBUG=1",
					"$(inherited)",
				);
				GCC_WARN_64_TO_32_BIT_CONVERSION = YES;
				GCC_WARN_ABOUT_RETURN_TYPE = YES_ERROR;
				GCC_WARN_UNDECLARED_SELECTOR = YES;
				GCC_WARN_UNINITIALIZED_AUTOS = YES_AGGRESSIVE;
				GCC_WARN_UNUSED_FUNCTION = YES;
				GCC_WARN_UNUSED_VARIABLE = YES;
				IPHONEOS_DEPLOYMENT_TARGET = 13.7;
				MTL_ENABLE_DEBUG_INFO = INCLUDE_SOURCE;
				MTL_FAST_MATH = YES;
				ONLY_ACTIVE_ARCH = YES;
				SDKROOT = iphoneos;
				SWIFT_ACTIVE_COMPILATION_CONDITIONS = DEBUG;
				SWIFT_OPTIMIZATION_LEVEL = "-Onone";
			};
			name = Debug;
		};
		C9B3AE9A253A2C1A0047A7EC /* Release */ = {
			isa = XCBuildConfiguration;
			buildSettings = {
				ALWAYS_SEARCH_USER_PATHS = NO;
				CLANG_ANALYZER_NONNULL = YES;
				CLANG_ANALYZER_NUMBER_OBJECT_CONVERSION = YES_AGGRESSIVE;
				CLANG_CXX_LANGUAGE_STANDARD = "gnu++14";
				CLANG_CXX_LIBRARY = "libc++";
				CLANG_ENABLE_MODULES = YES;
				CLANG_ENABLE_OBJC_ARC = YES;
				CLANG_ENABLE_OBJC_WEAK = YES;
				CLANG_WARN_BLOCK_CAPTURE_AUTORELEASING = YES;
				CLANG_WARN_BOOL_CONVERSION = YES;
				CLANG_WARN_COMMA = YES;
				CLANG_WARN_CONSTANT_CONVERSION = YES;
				CLANG_WARN_DEPRECATED_OBJC_IMPLEMENTATIONS = YES;
				CLANG_WARN_DIRECT_OBJC_ISA_USAGE = YES_ERROR;
				CLANG_WARN_DOCUMENTATION_COMMENTS = YES;
				CLANG_WARN_EMPTY_BODY = YES;
				CLANG_WARN_ENUM_CONVERSION = YES;
				CLANG_WARN_INFINITE_RECURSION = YES;
				CLANG_WARN_INT_CONVERSION = YES;
				CLANG_WARN_NON_LITERAL_NULL_CONVERSION = YES;
				CLANG_WARN_OBJC_IMPLICIT_RETAIN_SELF = YES;
				CLANG_WARN_OBJC_LITERAL_CONVERSION = YES;
				CLANG_WARN_OBJC_ROOT_CLASS = YES_ERROR;
				CLANG_WARN_RANGE_LOOP_ANALYSIS = YES;
				CLANG_WARN_STRICT_PROTOTYPES = YES;
				CLANG_WARN_SUSPICIOUS_MOVE = YES;
				CLANG_WARN_UNGUARDED_AVAILABILITY = YES_AGGRESSIVE;
				CLANG_WARN_UNREACHABLE_CODE = YES;
				CLANG_WARN__DUPLICATE_METHOD_MATCH = YES;
				COPY_PHASE_STRIP = NO;
				DEBUG_INFORMATION_FORMAT = "dwarf-with-dsym";
				ENABLE_NS_ASSERTIONS = NO;
				ENABLE_STRICT_OBJC_MSGSEND = YES;
				GCC_C_LANGUAGE_STANDARD = gnu11;
				GCC_NO_COMMON_BLOCKS = YES;
				GCC_WARN_64_TO_32_BIT_CONVERSION = YES;
				GCC_WARN_ABOUT_RETURN_TYPE = YES_ERROR;
				GCC_WARN_UNDECLARED_SELECTOR = YES;
				GCC_WARN_UNINITIALIZED_AUTOS = YES_AGGRESSIVE;
				GCC_WARN_UNUSED_FUNCTION = YES;
				GCC_WARN_UNUSED_VARIABLE = YES;
				IPHONEOS_DEPLOYMENT_TARGET = 13.7;
				MTL_ENABLE_DEBUG_INFO = NO;
				MTL_FAST_MATH = YES;
				SDKROOT = iphoneos;
				SWIFT_COMPILATION_MODE = wholemodule;
				SWIFT_OPTIMIZATION_LEVEL = "-O";
				VALIDATE_PRODUCT = YES;
			};
			name = Release;
		};
		C9B3AE9C253A2C1A0047A7EC /* Debug */ = {
			isa = XCBuildConfiguration;
			buildSettings = {
				ASSETCATALOG_COMPILER_APPICON_NAME = AppIcon;
				CODE_SIGN_STYLE = Automatic;
				DEVELOPMENT_TEAM = FMF3PS99LM;
				INFOPLIST_FILE = CustomUITextField/Info.plist;
				LD_RUNPATH_SEARCH_PATHS = (
					"$(inherited)",
					"@executable_path/Frameworks",
				);
				PRODUCT_BUNDLE_IDENTIFIER = com.jimoh.CustomUITextField;
				PRODUCT_NAME = "$(TARGET_NAME)";
				SWIFT_VERSION = 5.0;
				TARGETED_DEVICE_FAMILY = "1,2";
			};
			name = Debug;
		};
		C9B3AE9D253A2C1A0047A7EC /* Release */ = {
			isa = XCBuildConfiguration;
			buildSettings = {
				ASSETCATALOG_COMPILER_APPICON_NAME = AppIcon;
				CODE_SIGN_STYLE = Automatic;
				DEVELOPMENT_TEAM = FMF3PS99LM;
				INFOPLIST_FILE = CustomUITextField/Info.plist;
				LD_RUNPATH_SEARCH_PATHS = (
					"$(inherited)",
					"@executable_path/Frameworks",
				);
				PRODUCT_BUNDLE_IDENTIFIER = com.jimoh.CustomUITextField;
				PRODUCT_NAME = "$(TARGET_NAME)";
				SWIFT_VERSION = 5.0;
				TARGETED_DEVICE_FAMILY = "1,2";
			};
			name = Release;
		};
/* End XCBuildConfiguration section */

/* Begin XCConfigurationList section */
		C9B3AE82253A2C180047A7EC /* Build configuration list for PBXProject "CustomUITextField" */ = {
			isa = XCConfigurationList;
			buildConfigurations = (
				C9B3AE99253A2C1A0047A7EC /* Debug */,
				C9B3AE9A253A2C1A0047A7EC /* Release */,
			);
			defaultConfigurationIsVisible = 0;
			defaultConfigurationName = Release;
		};
		C9B3AE9B253A2C1A0047A7EC /* Build configuration list for PBXNativeTarget "CustomUITextField" */ = {
			isa = XCConfigurationList;
			buildConfigurations = (
				C9B3AE9C253A2C1A0047A7EC /* Debug */,
				C9B3AE9D253A2C1A0047A7EC /* Release */,
			);
			defaultConfigurationIsVisible = 0;
			defaultConfigurationName = Release;
		};
/* End XCConfigurationList section */
	};
	rootObject = C9B3AE7F253A2C180047A7EC /* Project object */;
}
